# THIS IS AN AUTOGENERATED FILE. DO NOT EDIT THIS FILE DIRECTLY.
# yarn lockfile v1


child_process@^1.0.2:
  version "1.0.2"
  resolved "https://registry.npm.taobao.org/child_process/download/child_process-1.0.2.tgz#b1f7e7fc73d25e7fd1d455adc94e143830182b5a"
  integrity sha1-sffn/HPSXn/R1FWtyU4UODAYK1o=

commander@^7.1.0:
  version "7.1.0"
  resolved "https://registry.npm.taobao.org/commander/download/commander-7.1.0.tgz?cache=0&sync_timestamp=1613374024216&other_urls=https%3A%2F%2Fregistry.npm.taobao.org%2Fcommander%2Fdownload%2Fcommander-7.1.0.tgz#f2eaecf131f10e36e07d894698226e36ae0eb5ff"
  integrity sha1-8urs8THxDjbgfYlGmCJuNq4Otf8=
